
Microsoft Visual Studio Solution File, Format Version 12.00
# Visual Studio 15
VisualStudioVersion = 15.0.28307.1525
MinimumVisualStudioVersion = 10.0.40219.1
Project("{FAE04EC0-301F-11D3-BF4B-00C04F79EFBC}") = "PrettyMessageBox", "PrettyMessageBox\PrettyMessageBox.csproj", "{3D21D1C8-177E-448F-A4C2-44D4164A5E98}"
EndProject
Project("{FAE04EC0-301F-11D3-BF4B-00C04F79EFBC}") = "PrettyMessageBox.Test.Local", "PrettyMessageBox.Test.Local\PrettyMessageBox.Test.Local.csproj", "{34EC8304-68F8-4040-ACF5-EA3495938DDF}"
EndProject
Project("{FAE04EC0-301F-11D3-BF4B-00C04F79EFBC}") = "PrettyMessageBox.Test.Nuget", "PrettyMessageBox.Test.Nuget\PrettyMessageBox.Test.Nuget.csproj", "{AB292C43-2F80-4559-9F1E-E674AAB5DCB7}"
EndProject
Global
	GlobalSection(SolutionConfigurationPlatforms) = preSolution
		Debug|Any CPU = Debug|Any CPU
		Release|Any CPU = Release|Any CPU
	EndGlobalSection
	GlobalSection(ProjectConfigurationPlatforms) = postSolution
		{3D21D1C8-177E-448F-A4C2-44D4164A5E98}.Debug|Any CPU.ActiveCfg = Debug|Any CPU
		{3D21D1C8-177E-448F-A4C2-44D4164A5E98}.Debug|Any CPU.Build.0 = Debug|Any CPU
		{3D21D1C8-177E-448F-A4C2-44D4164A5E98}.Release|Any CPU.ActiveCfg = Release|Any CPU
		{3D21D1C8-177E-448F-A4C2-44D4164A5E98}.Release|Any CPU.Build.0 = Release|Any CPU
		{34EC8304-68F8-4040-ACF5-EA3495938DDF}.Debug|Any CPU.ActiveCfg = Debug|Any CPU
		{34EC8304-68F8-4040-ACF5-EA3495938DDF}.Debug|Any CPU.Build.0 = Debug|Any CPU
		{34EC8304-68F8-4040-ACF5-EA3495938DDF}.Release|Any CPU.ActiveCfg = Release|Any CPU
		{34EC8304-68F8-4040-ACF5-EA3495938DDF}.Release|Any CPU.Build.0 = Release|Any CPU
		{AB292C43-2F80-4559-9F1E-E674AAB5DCB7}.Debug|Any CPU.ActiveCfg = Debug|Any CPU
		{AB292C43-2F80-4559-9F1E-E674AAB5DCB7}.Debug|Any CPU.Build.0 = Debug|Any CPU
		{AB292C43-2F80-4559-9F1E-E674AAB5DCB7}.Release|Any CPU.ActiveCfg = Release|Any CPU
		{AB292C43-2F80-4559-9F1E-E674AAB5DCB7}.Release|Any CPU.Build.0 = Release|Any CPU
	EndGlobalSection
	GlobalSection(SolutionProperties) = preSolution
		HideSolutionNode = FALSE
	EndGlobalSection
	GlobalSection(ExtensibilityGlobals) = postSolution
		SolutionGuid = {DA984F51-CF49-4634-BEBF-3014B3326EF5}
	EndGlobalSection
EndGlobal
